
Microsoft Visual Studio Solution File, Format Version 12.00
# Visual Studio Version 16
VisualStudioVersion = 16.0.32630.194
MinimumVisualStudioVersion = 10.0.40219.1
Project("{9A19103F-16F7-4668-BE54-9A1E7A4F7556}") = "Tahajud Time Bot", "Tahajud Time Bot.csproj", "{90E992CB-3444-45FD-A733-FE126EABF2E9}"
	ProjectSection(ProjectDependencies) = postProject
		{77938B63-D5EA-41EC-A10A-7750D18CDBDB} = {77938B63-D5EA-41EC-A10A-7750D18CDBDB}
	EndProjectSection
EndProject
Project("{9A19103F-16F7-4668-BE54-9A1E7A4F7556}") = "ConsoleTahDT", "..\ConsoleTahDT\ConsoleTahDT.csproj", "{77938B63-D5EA-41EC-A10A-7750D18CDBDB}"
EndProject
Project("{9A19103F-16F7-4668-BE54-9A1E7A4F7556}") = "Starter Csharp", "..\Starter Csharp\Starter Csharp.csproj", "{6249F974-4EE3-489F-838B-49BB45A27597}"
EndProject
Global
	GlobalSection(SolutionConfigurationPlatforms) = preSolution
		Debug|Any CPU = Debug|Any CPU
		Release|Any CPU = Release|Any CPU
	EndGlobalSection
	GlobalSection(ProjectConfigurationPlatforms) = postSolution
		{90E992CB-3444-45FD-A733-FE126EABF2E9}.Debug|Any CPU.ActiveCfg = Debug|Any CPU
		{90E992CB-3444-45FD-A733-FE126EABF2E9}.Debug|Any CPU.Build.0 = Debug|Any CPU
		{90E992CB-3444-45FD-A733-FE126EABF2E9}.Release|Any CPU.ActiveCfg = Release|Any CPU
		{90E992CB-3444-45FD-A733-FE126EABF2E9}.Release|Any CPU.Build.0 = Release|Any CPU
		{77938B63-D5EA-41EC-A10A-7750D18CDBDB}.Debug|Any CPU.ActiveCfg = Debug|Any CPU
		{77938B63-D5EA-41EC-A10A-7750D18CDBDB}.Debug|Any CPU.Build.0 = Debug|Any CPU
		{77938B63-D5EA-41EC-A10A-7750D18CDBDB}.Release|Any CPU.ActiveCfg = Release|Any CPU
		{77938B63-D5EA-41EC-A10A-7750D18CDBDB}.Release|Any CPU.Build.0 = Release|Any CPU
		{6249F974-4EE3-489F-838B-49BB45A27597}.Debug|Any CPU.ActiveCfg = Debug|Any CPU
		{6249F974-4EE3-489F-838B-49BB45A27597}.Debug|Any CPU.Build.0 = Debug|Any CPU
		{6249F974-4EE3-489F-838B-49BB45A27597}.Release|Any CPU.ActiveCfg = Release|Any CPU
		{6249F974-4EE3-489F-838B-49BB45A27597}.Release|Any CPU.Build.0 = Release|Any CPU
	EndGlobalSection
	GlobalSection(SolutionProperties) = preSolution
		HideSolutionNode = FALSE
	EndGlobalSection
	GlobalSection(ExtensibilityGlobals) = postSolution
		SolutionGuid = {4638080C-BA79-4FA7-82AB-66628595B444}
	EndGlobalSection
EndGlobal
